
Microsoft Visual Studio Solution File, Format Version 12.00
# Visual Studio Version 17
VisualStudioVersion = 17.4.33205.214
MinimumVisualStudioVersion = 10.0.40219.1
Project("{FAE04EC0-301F-11D3-BF4B-00C04F79EFBC}") = "EFRelationsEntityApp", "EFRelationsEntityApp\EFRelationsEntityApp.csproj", "{F4AA058B-3D71-4727-96A9-42464FB43506}"
EndProject
Global
	GlobalSection(SolutionConfigurationPlatforms) = preSolution
		Debug|Any CPU = Debug|Any CPU
		Release|Any CPU = Release|Any CPU
	EndGlobalSection
	GlobalSection(ProjectConfigurationPlatforms) = postSolution
		{F4AA058B-3D71-4727-96A9-42464FB43506}.Debug|Any CPU.ActiveCfg = Debug|Any CPU
		{F4AA058B-3D71-4727-96A9-42464FB43506}.Debug|Any CPU.Build.0 = Debug|Any CPU
		{F4AA058B-3D71-4727-96A9-42464FB43506}.Release|Any CPU.ActiveCfg = Release|Any CPU
		{F4AA058B-3D71-4727-96A9-42464FB43506}.Release|Any CPU.Build.0 = Release|Any CPU
	EndGlobalSection
	GlobalSection(SolutionProperties) = preSolution
		HideSolutionNode = FALSE
	EndGlobalSection
	GlobalSection(ExtensibilityGlobals) = postSolution
		SolutionGuid = {C5C23792-4E2C-425A-9383-6F64DFE19527}
	EndGlobalSection
EndGlobal
